// !$*UTF8*$!
{
	archiveVersion = 1;
	classes = {
	};
	objectVersion = 50;
	objects = {

/* Begin PBXBuildFile section */
		8488D4AA2445A7EA00B55318 /* 1.3.cpp in Sources */ = {isa = PBXBuildFile; fileRef = 8488D4A92445A7EA00B55318 /* 1.3.cpp */; };
		8488D4B82445A87200B55318 /* libglfw3.a in Frameworks */ = {isa = PBXBuildFile; fileRef = 8488D4B62445A87200B55318 /* libglfw3.a */; };
		8488D4C22445A98F00B55318 /* glad.c in Sources */ = {isa = PBXBuildFile; fileRef = 8488D4C12445A98F00B55318 /* glad.c */; };
		8488D4CA2445B20E00B55318 /* Cocoa.framework in Frameworks */ = {isa = PBXBuildFile; fileRef = 8488D4C92445B20D00B55318 /* Cocoa.framework */; };
		8488D4CC2445B21600B55318 /* IOKit.framework in Frameworks */ = {isa = PBXBuildFile; fileRef = 8488D4CB2445B21600B55318 /* IOKit.framework */; };
		8488D4CE2445B38600B55318 /* OpenGL.framework in Frameworks */ = {isa = PBXBuildFile; fileRef = 8488D4CD2445B38600B55318 /* OpenGL.framework */; };
/* End PBXBuildFile section */

/* Begin PBXCopyFilesBuildPhase section */
		8488D4A42445A7EA00B55318 /* CopyFiles */ = {
			isa = PBXCopyFilesBuildPhase;
			buildActionMask = 2147483647;
			dstPath = /usr/share/man/man1/;
			dstSubfolderSpec = 0;
			files = (
			);
			runOnlyForDeploymentPostprocessing = 1;
		};
/* End PBXCopyFilesBuildPhase section */

/* Begin PBXFileReference section */
		8488D4A62445A7EA00B55318 /* first */ = {isa = PBXFileReference; explicitFileType = "compiled.mach-o.executable"; includeInIndex = 0; path = first; sourceTree = BUILT_PRODUCTS_DIR; };
		8488D4A92445A7EA00B55318 /* 1.3.cpp */ = {isa = PBXFileReference; lastKnownFileType = sourcecode.cpp.cpp; path = 1.3.cpp; sourceTree = "<group>"; };
		8488D4B32445A87200B55318 /* glfw3.h */ = {isa = PBXFileReference; fileEncoding = 4; lastKnownFileType = sourcecode.c.h; path = glfw3.h; sourceTree = "<group>"; };
		8488D4B42445A87200B55318 /* glfw3native.h */ = {isa = PBXFileReference; fileEncoding = 4; lastKnownFileType = sourcecode.c.h; path = glfw3native.h; sourceTree = "<group>"; };
		8488D4B62445A87200B55318 /* libglfw3.a */ = {isa = PBXFileReference; lastKnownFileType = archive.ar; path = libglfw3.a; sourceTree = "<group>"; };
		8488D4B72445A87200B55318 /* libglfw.3.dylib */ = {isa = PBXFileReference; lastKnownFileType = "compiled.mach-o.dylib"; path = libglfw.3.dylib; sourceTree = "<group>"; };
		8488D4BD2445A98F00B55318 /* khrplatform.h */ = {isa = PBXFileReference; fileEncoding = 4; lastKnownFileType = sourcecode.c.h; path = khrplatform.h; sourceTree = "<group>"; };
		8488D4BF2445A98F00B55318 /* glad.h */ = {isa = PBXFileReference; fileEncoding = 4; lastKnownFileType = sourcecode.c.h; path = glad.h; sourceTree = "<group>"; };
		8488D4C12445A98F00B55318 /* glad.c */ = {isa = PBXFileReference; fileEncoding = 4; lastKnownFileType = sourcecode.c.c; path = glad.c; sourceTree = "<group>"; };
		8488D4C42445ABCD00B55318 /* CFNetwork.framework */ = {isa = PBXFileReference; lastKnownFileType = wrapper.framework; name = CFNetwork.framework; path = System/Library/Frameworks/CFNetwork.framework; sourceTree = SDKROOT; };
		8488D4C62445AD9900B55318 /* AppleScriptObjC.framework */ = {isa = PBXFileReference; lastKnownFileType = wrapper.framework; name = AppleScriptObjC.framework; path = System/Library/Frameworks/AppleScriptObjC.framework; sourceTree = SDKROOT; };
		8488D4C82445ADC400B55318 /* liblog_IOHIDFamily.tbd */ = {isa = PBXFileReference; lastKnownFileType = "sourcecode.text-based-dylib-definition"; name = liblog_IOHIDFamily.tbd; path = usr/lib/log/liblog_IOHIDFamily.tbd; sourceTree = SDKROOT; };
		8488D4C92445B20D00B55318 /* Cocoa.framework */ = {isa = PBXFileReference; lastKnownFileType = wrapper.framework; name = Cocoa.framework; path = System/Library/Frameworks/Cocoa.framework; sourceTree = SDKROOT; };
		8488D4CB2445B21600B55318 /* IOKit.framework */ = {isa = PBXFileReference; lastKnownFileType = wrapper.framework; name = IOKit.framework; path = System/Library/Frameworks/IOKit.framework; sourceTree = SDKROOT; };
		8488D4CD2445B38600B55318 /* OpenGL.framework */ = {isa = PBXFileReference; lastKnownFileType = wrapper.framework; name = OpenGL.framework; path = System/Library/Frameworks/OpenGL.framework; sourceTree = SDKROOT; };
/* End PBXFileReference section */

/* Begin PBXFrameworksBuildPhase section */
		8488D4A32445A7EA00B55318 /* Frameworks */ = {
			isa = PBXFrameworksBuildPhase;
			buildActionMask = 2147483647;
			files = (
				8488D4B82445A87200B55318 /* libglfw3.a in Frameworks */,
				8488D4CA2445B20E00B55318 /* Cocoa.framework in Frameworks */,
				8488D4CE2445B38600B55318 /* OpenGL.framework in Frameworks */,
				8488D4CC2445B21600B55318 /* IOKit.framework in Frameworks */,
			);
			runOnlyForDeploymentPostprocessing = 0;
		};
/* End PBXFrameworksBuildPhase section */

/* Begin PBXGroup section */
		8488D49D2445A7EA00B55318 = {
			isa = PBXGroup;
			children = (
				8488D4BA2445A98F00B55318 /* glad */,
				8488D4B02445A87200B55318 /* glfw3.3.2 */,
				8488D4A82445A7EA00B55318 /* first */,
				8488D4A72445A7EA00B55318 /* Products */,
				8488D4C32445ABCD00B55318 /* Frameworks */,
			);
			sourceTree = "<group>";
		};
		8488D4A72445A7EA00B55318 /* Products */ = {
			isa = PBXGroup;
			children = (
				8488D4A62445A7EA00B55318 /* first */,
			);
			name = Products;
			sourceTree = "<group>";
		};
		8488D4A82445A7EA00B55318 /* first */ = {
			isa = PBXGroup;
			children = (
				8488D4A92445A7EA00B55318 /* 1.3.cpp */,
			);
			path = first;
			sourceTree = "<group>";
		};
		8488D4B02445A87200B55318 /* glfw3.3.2 */ = {
			isa = PBXGroup;
			children = (
				8488D4B12445A87200B55318 /* include */,
				8488D4B52445A87200B55318 /* lib-macos */,
			);
			path = glfw3.3.2;
			sourceTree = "<group>";
		};
		8488D4B12445A87200B55318 /* include */ = {
			isa = PBXGroup;
			children = (
				8488D4B22445A87200B55318 /* GLFW */,
			);
			path = include;
			sourceTree = "<group>";
		};
		8488D4B22445A87200B55318 /* GLFW */ = {
			isa = PBXGroup;
			children = (
				8488D4B32445A87200B55318 /* glfw3.h */,
				8488D4B42445A87200B55318 /* glfw3native.h */,
			);
			path = GLFW;
			sourceTree = "<group>";
		};
		8488D4B52445A87200B55318 /* lib-macos */ = {
			isa = PBXGroup;
			children = (
				8488D4B62445A87200B55318 /* libglfw3.a */,
				8488D4B72445A87200B55318 /* libglfw.3.dylib */,
			);
			path = "lib-macos";
			sourceTree = "<group>";
		};
		8488D4BA2445A98F00B55318 /* glad */ = {
			isa = PBXGroup;
			children = (
				8488D4BB2445A98F00B55318 /* include */,
				8488D4C02445A98F00B55318 /* src */,
			);
			path = glad;
			sourceTree = "<group>";
		};
		8488D4BB2445A98F00B55318 /* include */ = {
			isa = PBXGroup;
			children = (
				8488D4BC2445A98F00B55318 /* KHR */,
				8488D4BE2445A98F00B55318 /* glad */,
			);
			path = include;
			sourceTree = "<group>";
		};
		8488D4BC2445A98F00B55318 /* KHR */ = {
			isa = PBXGroup;
			children = (
				8488D4BD2445A98F00B55318 /* khrplatform.h */,
			);
			path = KHR;
			sourceTree = "<group>";
		};
		8488D4BE2445A98F00B55318 /* glad */ = {
			isa = PBXGroup;
			children = (
				8488D4BF2445A98F00B55318 /* glad.h */,
			);
			path = glad;
			sourceTree = "<group>";
		};
		8488D4C02445A98F00B55318 /* src */ = {
			isa = PBXGroup;
			children = (
				8488D4C12445A98F00B55318 /* glad.c */,
			);
			path = src;
			sourceTree = "<group>";
		};
		8488D4C32445ABCD00B55318 /* Frameworks */ = {
			isa = PBXGroup;
			children = (
				8488D4CD2445B38600B55318 /* OpenGL.framework */,
				8488D4CB2445B21600B55318 /* IOKit.framework */,
				8488D4C92445B20D00B55318 /* Cocoa.framework */,
				8488D4C82445ADC400B55318 /* liblog_IOHIDFamily.tbd */,
				8488D4C62445AD9900B55318 /* AppleScriptObjC.framework */,
				8488D4C42445ABCD00B55318 /* CFNetwork.framework */,
			);
			name = Frameworks;
			sourceTree = "<group>";
		};
/* End PBXGroup section */

/* Begin PBXNativeTarget section */
		8488D4A52445A7EA00B55318 /* first */ = {
			isa = PBXNativeTarget;
			buildConfigurationList = 8488D4AD2445A7EA00B55318 /* Build configuration list for PBXNativeTarget "first" */;
			buildPhases = (
				8488D4A22445A7EA00B55318 /* Sources */,
				8488D4A32445A7EA00B55318 /* Frameworks */,
				8488D4A42445A7EA00B55318 /* CopyFiles */,
			);
			buildRules = (
			);
			dependencies = (
			);
			name = first;
			productName = first;
			productReference = 8488D4A62445A7EA00B55318 /* first */;
			productType = "com.apple.product-type.tool";
		};
/* End PBXNativeTarget section */

/* Begin PBXProject section */
		8488D49E2445A7EA00B55318 /* Project object */ = {
			isa = PBXProject;
			attributes = {
				LastUpgradeCheck = 1140;
				ORGANIZATIONNAME = Admin;
				TargetAttributes = {
					8488D4A52445A7EA00B55318 = {
						CreatedOnToolsVersion = 11.4;
					};
				};
			};
			buildConfigurationList = 8488D4A12445A7EA00B55318 /* Build configuration list for PBXProject "first" */;
			compatibilityVersion = "Xcode 9.3";
			developmentRegion = en;
			hasScannedForEncodings = 0;
			knownRegions = (
				en,
				Base,
			);
			mainGroup = 8488D49D2445A7EA00B55318;
			productRefGroup = 8488D4A72445A7EA00B55318 /* Products */;
			projectDirPath = "";
			projectRoot = "";
			targets = (
				8488D4A52445A7EA00B55318 /* first */,
			);
		};
/* End PBXProject section */

/* Begin PBXSourcesBuildPhase section */
		8488D4A22445A7EA00B55318 /* Sources */ = {
			isa = PBXSourcesBuildPhase;
			buildActionMask = 2147483647;
			files = (
				8488D4AA2445A7EA00B55318 /* 1.3.cpp in Sources */,
				8488D4C22445A98F00B55318 /* glad.c in Sources */,
			);
			runOnlyForDeploymentPostprocessing = 0;
		};
/* End PBXSourcesBuildPhase section */

/* Begin XCBuildConfiguration section */
		8488D4AB2445A7EA00B55318 /* Debug */ = {
			isa = XCBuildConfiguration;
			buildSettings = {
				ALWAYS_SEARCH_USER_PATHS = NO;
				CLANG_ANALYZER_NONNULL = YES;
				CLANG_ANALYZER_NUMBER_OBJECT_CONVERSION = YES_AGGRESSIVE;
				CLANG_CXX_LANGUAGE_STANDARD = "gnu++14";
				CLANG_CXX_LIBRARY = "libc++";
				CLANG_ENABLE_MODULES = YES;
				CLANG_ENABLE_OBJC_ARC = YES;
				CLANG_ENABLE_OBJC_WEAK = YES;
				CLANG_WARN_BLOCK_CAPTURE_AUTORELEASING = YES;
				CLANG_WARN_BOOL_CONVERSION = YES;
				CLANG_WARN_COMMA = YES;
				CLANG_WARN_CONSTANT_CONVERSION = YES;
				CLANG_WARN_DEPRECATED_OBJC_IMPLEMENTATIONS = YES;
				CLANG_WARN_DIRECT_OBJC_ISA_USAGE = YES_ERROR;
				CLANG_WARN_DOCUMENTATION_COMMENTS = YES;
				CLANG_WARN_EMPTY_BODY = YES;
				CLANG_WARN_ENUM_CONVERSION = YES;
				CLANG_WARN_INFINITE_RECURSION = YES;
				CLANG_WARN_INT_CONVERSION = YES;
				CLANG_WARN_NON_LITERAL_NULL_CONVERSION = YES;
				CLANG_WARN_OBJC_IMPLICIT_RETAIN_SELF = YES;
				CLANG_WARN_OBJC_LITERAL_CONVERSION = YES;
				CLANG_WARN_OBJC_ROOT_CLASS = YES_ERROR;
				CLANG_WARN_RANGE_LOOP_ANALYSIS = YES;
				CLANG_WARN_STRICT_PROTOTYPES = YES;
				CLANG_WARN_SUSPICIOUS_MOVE = YES;
				CLANG_WARN_UNGUARDED_AVAILABILITY = YES_AGGRESSIVE;
				CLANG_WARN_UNREACHABLE_CODE = YES;
				CLANG_WARN__DUPLICATE_METHOD_MATCH = YES;
				COPY_PHASE_STRIP = NO;
				DEBUG_INFORMATION_FORMAT = dwarf;
				ENABLE_STRICT_OBJC_MSGSEND = YES;
				ENABLE_TESTABILITY = YES;
				GCC_C_LANGUAGE_STANDARD = gnu11;
				GCC_DYNAMIC_NO_PIC = NO;
				GCC_NO_COMMON_BLOCKS = YES;
				GCC_OPTIMIZATION_LEVEL = 0;
				GCC_PREPROCESSOR_DEFINITIONS = (
					"DEBUG=1",
					"$(inherited)",
				);
				GCC_WARN_64_TO_32_BIT_CONVERSION = YES;
				GCC_WARN_ABOUT_RETURN_TYPE = YES_ERROR;
				GCC_WARN_UNDECLARED_SELECTOR = YES;
				GCC_WARN_UNINITIALIZED_AUTOS = YES_AGGRESSIVE;
				GCC_WARN_UNUSED_FUNCTION = YES;
				GCC_WARN_UNUSED_VARIABLE = YES;
				MACOSX_DEPLOYMENT_TARGET = 10.15;
				MTL_ENABLE_DEBUG_INFO = INCLUDE_SOURCE;
				MTL_FAST_MATH = YES;
				ONLY_ACTIVE_ARCH = YES;
				SDKROOT = macosx;
			};
			name = Debug;
		};
		8488D4AC2445A7EA00B55318 /* Release */ = {
			isa = XCBuildConfiguration;
			buildSettings = {
				ALWAYS_SEARCH_USER_PATHS = NO;
				CLANG_ANALYZER_NONNULL = YES;
				CLANG_ANALYZER_NUMBER_OBJECT_CONVERSION = YES_AGGRESSIVE;
				CLANG_CXX_LANGUAGE_STANDARD = "gnu++14";
				CLANG_CXX_LIBRARY = "libc++";
				CLANG_ENABLE_MODULES = YES;
				CLANG_ENABLE_OBJC_ARC = YES;
				CLANG_ENABLE_OBJC_WEAK = YES;
				CLANG_WARN_BLOCK_CAPTURE_AUTORELEASING = YES;
				CLANG_WARN_BOOL_CONVERSION = YES;
				CLANG_WARN_COMMA = YES;
				CLANG_WARN_CONSTANT_CONVERSION = YES;
				CLANG_WARN_DEPRECATED_OBJC_IMPLEMENTATIONS = YES;
				CLANG_WARN_DIRECT_OBJC_ISA_USAGE = YES_ERROR;
				CLANG_WARN_DOCUMENTATION_COMMENTS = YES;
				CLANG_WARN_EMPTY_BODY = YES;
				CLANG_WARN_ENUM_CONVERSION = YES;
				CLANG_WARN_INFINITE_RECURSION = YES;
				CLANG_WARN_INT_CONVERSION = YES;
				CLANG_WARN_NON_LITERAL_NULL_CONVERSION = YES;
				CLANG_WARN_OBJC_IMPLICIT_RETAIN_SELF = YES;
				CLANG_WARN_OBJC_LITERAL_CONVERSION = YES;
				CLANG_WARN_OBJC_ROOT_CLASS = YES_ERROR;
				CLANG_WARN_RANGE_LOOP_ANALYSIS = YES;
				CLANG_WARN_STRICT_PROTOTYPES = YES;
				CLANG_WARN_SUSPICIOUS_MOVE = YES;
				CLANG_WARN_UNGUARDED_AVAILABILITY = YES_AGGRESSIVE;
				CLANG_WARN_UNREACHABLE_CODE = YES;
				CLANG_WARN__DUPLICATE_METHOD_MATCH = YES;
				COPY_PHASE_STRIP = NO;
				DEBUG_INFORMATION_FORMAT = "dwarf-with-dsym";
				ENABLE_NS_ASSERTIONS = NO;
				ENABLE_STRICT_OBJC_MSGSEND = YES;
				GCC_C_LANGUAGE_STANDARD = gnu11;
				GCC_NO_COMMON_BLOCKS = YES;
				GCC_WARN_64_TO_32_BIT_CONVERSION = YES;
				GCC_WARN_ABOUT_RETURN_TYPE = YES_ERROR;
				GCC_WARN_UNDECLARED_SELECTOR = YES;
				GCC_WARN_UNINITIALIZED_AUTOS = YES_AGGRESSIVE;
				GCC_WARN_UNUSED_FUNCTION = YES;
				GCC_WARN_UNUSED_VARIABLE = YES;
				MACOSX_DEPLOYMENT_TARGET = 10.15;
				MTL_ENABLE_DEBUG_INFO = NO;
				MTL_FAST_MATH = YES;
				SDKROOT = macosx;
			};
			name = Release;
		};
		8488D4AE2445A7EA00B55318 /* Debug */ = {
			isa = XCBuildConfiguration;
			buildSettings = {
				CODE_SIGN_STYLE = Automatic;
				LIBRARY_SEARCH_PATHS = (
					"$(inherited)",
					"$(PROJECT_DIR)/glfw3.3.2/lib-macos",
				);
				PRODUCT_NAME = "$(TARGET_NAME)";
			};
			name = Debug;
		};
		8488D4AF2445A7EA00B55318 /* Release */ = {
			isa = XCBuildConfiguration;
			buildSettings = {
				CODE_SIGN_STYLE = Automatic;
				LIBRARY_SEARCH_PATHS = (
					"$(inherited)",
					"$(PROJECT_DIR)/glfw3.3.2/lib-macos",
				);
				PRODUCT_NAME = "$(TARGET_NAME)";
			};
			name = Release;
		};
/* End XCBuildConfiguration section */

/* Begin XCConfigurationList section */
		8488D4A12445A7EA00B55318 /* Build configuration list for PBXProject "first" */ = {
			isa = XCConfigurationList;
			buildConfigurations = (
				8488D4AB2445A7EA00B55318 /* Debug */,
				8488D4AC2445A7EA00B55318 /* Release */,
			);
			defaultConfigurationIsVisible = 0;
			defaultConfigurationName = Release;
		};
		8488D4AD2445A7EA00B55318 /* Build configuration list for PBXNativeTarget "first" */ = {
			isa = XCConfigurationList;
			buildConfigurations = (
				8488D4AE2445A7EA00B55318 /* Debug */,
				8488D4AF2445A7EA00B55318 /* Release */,
			);
			defaultConfigurationIsVisible = 0;
			defaultConfigurationName = Release;
		};
/* End XCConfigurationList section */
	};
	rootObject = 8488D49E2445A7EA00B55318 /* Project object */;
}
